
Microsoft Visual Studio Solution File, Format Version 12.00
# Visual Studio Version 17
VisualStudioVersion = 17.5.33627.172
MinimumVisualStudioVersion = 10.0.40219.1
Project("{9A19103F-16F7-4668-BE54-9A1E7A4F7556}") = "ClassLibrary1", "ClassLibrary1\ClassLibrary1.csproj", "{64571970-A28B-479D-8867-E4D30C1C8D3C}"
EndProject
Project("{FAE04EC0-301F-11D3-BF4B-00C04F79EFBC}") = "ConsoleApp48", "ConsoleApp48\ConsoleApp48.csproj", "{A7B380BD-486A-4EB3-8503-5EDFD951BEE4}"
EndProject
Project("{9A19103F-16F7-4668-BE54-9A1E7A4F7556}") = "ConsoleApp60", "ConsoleApp60\ConsoleApp60.csproj", "{FDD7A9BE-5042-494E-9E09-F11904EF6B55}"
EndProject
Project("{9A19103F-16F7-4668-BE54-9A1E7A4F7556}") = "MvcDemo1", "MvcDemo1\MvcDemo1.csproj", "{17B70657-55D6-49F4-A18A-1759B516B1A9}"
EndProject
Project("{FAE04EC0-301F-11D3-BF4B-00C04F79EFBC}") = "ApiDemo1", "ApiDemo1\ApiDemo1.csproj", "{AF837C70-F933-43B5-B254-BD6C4E7A4D2E}"
EndProject
Project("{FAE04EC0-301F-11D3-BF4B-00C04F79EFBC}") = "EFCoreDemo", "EFCoreDemo\EFCoreDemo.csproj", "{9A91AE44-240B-425D-9333-2C913125DDFC}"
EndProject
Global
	GlobalSection(SolutionConfigurationPlatforms) = preSolution
		Debug|Any CPU = Debug|Any CPU
		Release|Any CPU = Release|Any CPU
	EndGlobalSection
	GlobalSection(ProjectConfigurationPlatforms) = postSolution
		{64571970-A28B-479D-8867-E4D30C1C8D3C}.Debug|Any CPU.ActiveCfg = Debug|Any CPU
		{64571970-A28B-479D-8867-E4D30C1C8D3C}.Debug|Any CPU.Build.0 = Debug|Any CPU
		{64571970-A28B-479D-8867-E4D30C1C8D3C}.Release|Any CPU.ActiveCfg = Release|Any CPU
		{64571970-A28B-479D-8867-E4D30C1C8D3C}.Release|Any CPU.Build.0 = Release|Any CPU
		{A7B380BD-486A-4EB3-8503-5EDFD951BEE4}.Debug|Any CPU.ActiveCfg = Debug|Any CPU
		{A7B380BD-486A-4EB3-8503-5EDFD951BEE4}.Debug|Any CPU.Build.0 = Debug|Any CPU
		{A7B380BD-486A-4EB3-8503-5EDFD951BEE4}.Release|Any CPU.ActiveCfg = Release|Any CPU
		{A7B380BD-486A-4EB3-8503-5EDFD951BEE4}.Release|Any CPU.Build.0 = Release|Any CPU
		{FDD7A9BE-5042-494E-9E09-F11904EF6B55}.Debug|Any CPU.ActiveCfg = Debug|Any CPU
		{FDD7A9BE-5042-494E-9E09-F11904EF6B55}.Debug|Any CPU.Build.0 = Debug|Any CPU
		{FDD7A9BE-5042-494E-9E09-F11904EF6B55}.Release|Any CPU.ActiveCfg = Release|Any CPU
		{FDD7A9BE-5042-494E-9E09-F11904EF6B55}.Release|Any CPU.Build.0 = Release|Any CPU
		{17B70657-55D6-49F4-A18A-1759B516B1A9}.Debug|Any CPU.ActiveCfg = Debug|Any CPU
		{17B70657-55D6-49F4-A18A-1759B516B1A9}.Debug|Any CPU.Build.0 = Debug|Any CPU
		{17B70657-55D6-49F4-A18A-1759B516B1A9}.Release|Any CPU.ActiveCfg = Release|Any CPU
		{17B70657-55D6-49F4-A18A-1759B516B1A9}.Release|Any CPU.Build.0 = Release|Any CPU
		{AF837C70-F933-43B5-B254-BD6C4E7A4D2E}.Debug|Any CPU.ActiveCfg = Debug|Any CPU
		{AF837C70-F933-43B5-B254-BD6C4E7A4D2E}.Debug|Any CPU.Build.0 = Debug|Any CPU
		{AF837C70-F933-43B5-B254-BD6C4E7A4D2E}.Release|Any CPU.ActiveCfg = Release|Any CPU
		{AF837C70-F933-43B5-B254-BD6C4E7A4D2E}.Release|Any CPU.Build.0 = Release|Any CPU
		{9A91AE44-240B-425D-9333-2C913125DDFC}.Debug|Any CPU.ActiveCfg = Debug|Any CPU
		{9A91AE44-240B-425D-9333-2C913125DDFC}.Debug|Any CPU.Build.0 = Debug|Any CPU
		{9A91AE44-240B-425D-9333-2C913125DDFC}.Release|Any CPU.ActiveCfg = Release|Any CPU
		{9A91AE44-240B-425D-9333-2C913125DDFC}.Release|Any CPU.Build.0 = Release|Any CPU
	EndGlobalSection
	GlobalSection(SolutionProperties) = preSolution
		HideSolutionNode = FALSE
	EndGlobalSection
	GlobalSection(ExtensibilityGlobals) = postSolution
		SolutionGuid = {92B6D6E6-BB45-4080-AA5E-1B405CB5C156}
	EndGlobalSection
EndGlobal
